
Microsoft Visual Studio Solution File, Format Version 12.00
# Visual Studio Version 17
VisualStudioVersion = 17.0.31903.59
MinimumVisualStudioVersion = 10.0.40219.1
Project("{FAE04EC0-301F-11D3-BF4B-00C04F79EFBC}") = "VotingInfo.Domain", "VotingInfo.Domain\VotingInfo.Domain.csproj", "{7B88EAE3-902E-4073-AF2E-19F2F57054A7}"
EndProject
Project("{FAE04EC0-301F-11D3-BF4B-00C04F79EFBC}") = "VotingInfo.Application", "VotingInfo.Application\VotingInfo.Application.csproj", "{720E8552-C2BA-49D3-975F-308AA3F14D9F}"
EndProject
Project("{FAE04EC0-301F-11D3-BF4B-00C04F79EFBC}") = "VotingInfo.Infrastructure", "VotingInfo.Infrastructure\VotingInfo.Infrastructure.csproj", "{4A4227E4-6745-4696-AEED-4B0BA5CC0D6C}"
EndProject
Project("{FAE04EC0-301F-11D3-BF4B-00C04F79EFBC}") = "VotingInfo.API", "VotingInfo.API\VotingInfo.API.csproj", "{591FA93D-961F-4F8C-9247-6D9F06E26CC1}"
EndProject
Global
	GlobalSection(SolutionConfigurationPlatforms) = preSolution
		Debug|Any CPU = Debug|Any CPU
		Debug|x64 = Debug|x64
		Debug|x86 = Debug|x86
		Release|Any CPU = Release|Any CPU
		Release|x64 = Release|x64
		Release|x86 = Release|x86
	EndGlobalSection
	GlobalSection(ProjectConfigurationPlatforms) = postSolution
		{7B88EAE3-902E-4073-AF2E-19F2F57054A7}.Debug|Any CPU.ActiveCfg = Debug|Any CPU
		{7B88EAE3-902E-4073-AF2E-19F2F57054A7}.Debug|Any CPU.Build.0 = Debug|Any CPU
		{7B88EAE3-902E-4073-AF2E-19F2F57054A7}.Debug|x64.ActiveCfg = Debug|Any CPU
		{7B88EAE3-902E-4073-AF2E-19F2F57054A7}.Debug|x64.Build.0 = Debug|Any CPU
		{7B88EAE3-902E-4073-AF2E-19F2F57054A7}.Debug|x86.ActiveCfg = Debug|Any CPU
		{7B88EAE3-902E-4073-AF2E-19F2F57054A7}.Debug|x86.Build.0 = Debug|Any CPU
		{7B88EAE3-902E-4073-AF2E-19F2F57054A7}.Release|Any CPU.ActiveCfg = Release|Any CPU
		{7B88EAE3-902E-4073-AF2E-19F2F57054A7}.Release|Any CPU.Build.0 = Release|Any CPU
		{7B88EAE3-902E-4073-AF2E-19F2F57054A7}.Release|x64.ActiveCfg = Release|Any CPU
		{7B88EAE3-902E-4073-AF2E-19F2F57054A7}.Release|x64.Build.0 = Release|Any CPU
		{7B88EAE3-902E-4073-AF2E-19F2F57054A7}.Release|x86.ActiveCfg = Release|Any CPU
		{7B88EAE3-902E-4073-AF2E-19F2F57054A7}.Release|x86.Build.0 = Release|Any CPU
		{720E8552-C2BA-49D3-975F-308AA3F14D9F}.Debug|Any CPU.ActiveCfg = Debug|Any CPU
		{720E8552-C2BA-49D3-975F-308AA3F14D9F}.Debug|Any CPU.Build.0 = Debug|Any CPU
		{720E8552-C2BA-49D3-975F-308AA3F14D9F}.Debug|x64.ActiveCfg = Debug|Any CPU
		{720E8552-C2BA-49D3-975F-308AA3F14D9F}.Debug|x64.Build.0 = Debug|Any CPU
		{720E8552-C2BA-49D3-975F-308AA3F14D9F}.Debug|x86.ActiveCfg = Debug|Any CPU
		{720E8552-C2BA-49D3-975F-308AA3F14D9F}.Debug|x86.Build.0 = Debug|Any CPU
		{720E8552-C2BA-49D3-975F-308AA3F14D9F}.Release|Any CPU.ActiveCfg = Release|Any CPU
		{720E8552-C2BA-49D3-975F-308AA3F14D9F}.Release|Any CPU.Build.0 = Release|Any CPU
		{720E8552-C2BA-49D3-975F-308AA3F14D9F}.Release|x64.ActiveCfg = Release|Any CPU
		{720E8552-C2BA-49D3-975F-308AA3F14D9F}.Release|x64.Build.0 = Release|Any CPU
		{720E8552-C2BA-49D3-975F-308AA3F14D9F}.Release|x86.ActiveCfg = Release|Any CPU
		{720E8552-C2BA-49D3-975F-308AA3F14D9F}.Release|x86.Build.0 = Release|Any CPU
		{4A4227E4-6745-4696-AEED-4B0BA5CC0D6C}.Debug|Any CPU.ActiveCfg = Debug|Any CPU
		{4A4227E4-6745-4696-AEED-4B0BA5CC0D6C}.Debug|Any CPU.Build.0 = Debug|Any CPU
		{4A4227E4-6745-4696-AEED-4B0BA5CC0D6C}.Debug|x64.ActiveCfg = Debug|Any CPU
		{4A4227E4-6745-4696-AEED-4B0BA5CC0D6C}.Debug|x64.Build.0 = Debug|Any CPU
		{4A4227E4-6745-4696-AEED-4B0BA5CC0D6C}.Debug|x86.ActiveCfg = Debug|Any CPU
		{4A4227E4-6745-4696-AEED-4B0BA5CC0D6C}.Debug|x86.Build.0 = Debug|Any CPU
		{4A4227E4-6745-4696-AEED-4B0BA5CC0D6C}.Release|Any CPU.ActiveCfg = Release|Any CPU
		{4A4227E4-6745-4696-AEED-4B0BA5CC0D6C}.Release|Any CPU.Build.0 = Release|Any CPU
		{4A4227E4-6745-4696-AEED-4B0BA5CC0D6C}.Release|x64.ActiveCfg = Release|Any CPU
		{4A4227E4-6745-4696-AEED-4B0BA5CC0D6C}.Release|x64.Build.0 = Release|Any CPU
		{4A4227E4-6745-4696-AEED-4B0BA5CC0D6C}.Release|x86.ActiveCfg = Release|Any CPU
		{4A4227E4-6745-4696-AEED-4B0BA5CC0D6C}.Release|x86.Build.0 = Release|Any CPU
		{591FA93D-961F-4F8C-9247-6D9F06E26CC1}.Debug|Any CPU.ActiveCfg = Debug|Any CPU
		{591FA93D-961F-4F8C-9247-6D9F06E26CC1}.Debug|Any CPU.Build.0 = Debug|Any CPU
		{591FA93D-961F-4F8C-9247-6D9F06E26CC1}.Debug|x64.ActiveCfg = Debug|Any CPU
		{591FA93D-961F-4F8C-9247-6D9F06E26CC1}.Debug|x64.Build.0 = Debug|Any CPU
		{591FA93D-961F-4F8C-9247-6D9F06E26CC1}.Debug|x86.ActiveCfg = Debug|Any CPU
		{591FA93D-961F-4F8C-9247-6D9F06E26CC1}.Debug|x86.Build.0 = Debug|Any CPU
		{591FA93D-961F-4F8C-9247-6D9F06E26CC1}.Release|Any CPU.ActiveCfg = Release|Any CPU
		{591FA93D-961F-4F8C-9247-6D9F06E26CC1}.Release|Any CPU.Build.0 = Release|Any CPU
		{591FA93D-961F-4F8C-9247-6D9F06E26CC1}.Release|x64.ActiveCfg = Release|Any CPU
		{591FA93D-961F-4F8C-9247-6D9F06E26CC1}.Release|x64.Build.0 = Release|Any CPU
		{591FA93D-961F-4F8C-9247-6D9F06E26CC1}.Release|x86.ActiveCfg = Release|Any CPU
		{591FA93D-961F-4F8C-9247-6D9F06E26CC1}.Release|x86.Build.0 = Release|Any CPU
	EndGlobalSection
	GlobalSection(SolutionProperties) = preSolution
		HideSolutionNode = FALSE
	EndGlobalSection
EndGlobal
